
Microsoft Visual Studio Solution File, Format Version 10.00
# Visual Studio 2008
Project("{FAE04EC0-301F-11D3-BF4B-00C04F79EFBC}") = "Test", "Test\Test.csproj", "{A20B64D8-B8ED-4CCF-A9AB-39C66B757F50}"
EndProject
Project("{FAE04EC0-301F-11D3-BF4B-00C04F79EFBC}") = "BRB", "BRB\BRB.csproj", "{8C8AADC9-7805-4226-AD0B-A9286C809A60}"
EndProject
Project("{E24C65DC-7377-472B-9ABA-BC803B73C61A}") = "BRB_Sync", "BRB_Sync\", "{3D3FAC72-4A61-4396-8659-E951CDAF5AB8}"
	ProjectSection(WebsiteProperties) = preProject
		TargetFramework = "2.0"
		Debug.AspNetCompiler.VirtualPath = "/BRB_Sync"
		Debug.AspNetCompiler.PhysicalPath = "BRB_Sync\"
		Debug.AspNetCompiler.TargetPath = "PrecompiledWeb\BRB_Sync\"
		Debug.AspNetCompiler.Updateable = "true"
		Debug.AspNetCompiler.ForceOverwrite = "true"
		Debug.AspNetCompiler.FixedNames = "false"
		Debug.AspNetCompiler.Debug = "True"
		Release.AspNetCompiler.VirtualPath = "/BRB_Sync"
		Release.AspNetCompiler.PhysicalPath = "BRB_Sync\"
		Release.AspNetCompiler.TargetPath = "PrecompiledWeb\BRB_Sync\"
		Release.AspNetCompiler.Updateable = "true"
		Release.AspNetCompiler.ForceOverwrite = "true"
		Release.AspNetCompiler.FixedNames = "false"
		Release.AspNetCompiler.Debug = "False"
		VWDPort = "50004"
		VWDDynamicPort = "true"
	EndProjectSection
EndProject
Global
	GlobalSection(SolutionConfigurationPlatforms) = preSolution
		Debug|Any CPU = Debug|Any CPU
		Release|Any CPU = Release|Any CPU
	EndGlobalSection
	GlobalSection(ProjectConfigurationPlatforms) = postSolution
		{A20B64D8-B8ED-4CCF-A9AB-39C66B757F50}.Debug|Any CPU.ActiveCfg = Debug|Any CPU
		{A20B64D8-B8ED-4CCF-A9AB-39C66B757F50}.Debug|Any CPU.Build.0 = Debug|Any CPU
		{A20B64D8-B8ED-4CCF-A9AB-39C66B757F50}.Release|Any CPU.ActiveCfg = Release|Any CPU
		{A20B64D8-B8ED-4CCF-A9AB-39C66B757F50}.Release|Any CPU.Build.0 = Release|Any CPU
		{8C8AADC9-7805-4226-AD0B-A9286C809A60}.Debug|Any CPU.ActiveCfg = Debug|Any CPU
		{8C8AADC9-7805-4226-AD0B-A9286C809A60}.Debug|Any CPU.Build.0 = Debug|Any CPU
		{8C8AADC9-7805-4226-AD0B-A9286C809A60}.Debug|Any CPU.Deploy.0 = Debug|Any CPU
		{8C8AADC9-7805-4226-AD0B-A9286C809A60}.Release|Any CPU.ActiveCfg = Release|Any CPU
		{8C8AADC9-7805-4226-AD0B-A9286C809A60}.Release|Any CPU.Build.0 = Release|Any CPU
		{8C8AADC9-7805-4226-AD0B-A9286C809A60}.Release|Any CPU.Deploy.0 = Release|Any CPU
	EndGlobalSection
	GlobalSection(SolutionProperties) = preSolution
		HideSolutionNode = FALSE
	EndGlobalSection
EndGlobal
